lockVersion: 2.0.0
id: 44af5a63-d14d-4a31-9423-2843fc25b9e7
management:
  docChecksum: 34d22936f2456c2c461abdfc773e3fc4
  docVersion: 0.0.3
  speakeasyVersion: internal
  generationVersion: 2.230.1
  releaseVersion: 0.0.1
  configChecksum: d3e5980d0ee1c19ebc1deca55a792917
  repoURL: https://github.com/LukeHagar/plexjava.git
  repoSubDirectory: .
  published: true
features:
  java:
    core: 3.2.2
    flattening: 2.81.1
    globalSecurity: 2.81.2
    globalServerURLs: 2.82.1
    nameOverrides: 2.81.1
generatedFiles:
  - lib/src/main/java/org/openapis/openapi/SDKConfiguration.java
  - lib/src/main/java/org/openapis/openapi/Server.java
  - lib/src/main/java/org/openapis/openapi/Media.java
  - lib/src/main/java/org/openapis/openapi/Activities.java
  - lib/src/main/java/org/openapis/openapi/Butler.java
  - lib/src/main/java/org/openapis/openapi/Hubs.java
  - lib/src/main/java/org/openapis/openapi/Search.java
  - lib/src/main/java/org/openapis/openapi/Library.java
  - lib/src/main/java/org/openapis/openapi/Log.java
  - lib/src/main/java/org/openapis/openapi/Playlists.java
  - lib/src/main/java/org/openapis/openapi/Security.java
  - lib/src/main/java/org/openapis/openapi/Sessions.java
  - lib/src/main/java/org/openapis/openapi/Updater.java
  - lib/src/main/java/org/openapis/openapi/Video.java
  - lib/src/main/java/org/openapis/openapi/PlexAPI.java
  - .gitattributes
  - gradle/wrapper/gradle-wrapper.jar
  - gradle/wrapper/gradle-wrapper.properties
  - gradlew
  - gradlew.bat
  - lib/build.gradle
  - lib/src/main/java/org/openapis/openapi/utils/DateTimeDeserializer.java
  - lib/src/main/java/org/openapis/openapi/utils/DateTimeSerializer.java
  - lib/src/main/java/org/openapis/openapi/utils/FormMetadata.java
  - lib/src/main/java/org/openapis/openapi/utils/HTTPClient.java
  - lib/src/main/java/org/openapis/openapi/utils/HTTPRequest.java
  - lib/src/main/java/org/openapis/openapi/utils/HeaderMetadata.java
  - lib/src/main/java/org/openapis/openapi/utils/JSON.java
  - lib/src/main/java/org/openapis/openapi/utils/Metadata.java
  - lib/src/main/java/org/openapis/openapi/utils/MultipartFormMetadata.java
  - lib/src/main/java/org/openapis/openapi/utils/PathParamsMetadata.java
  - lib/src/main/java/org/openapis/openapi/utils/QueryParameters.java
  - lib/src/main/java/org/openapis/openapi/utils/QueryParamsMetadata.java
  - lib/src/main/java/org/openapis/openapi/utils/RequestBody.java
  - lib/src/main/java/org/openapis/openapi/utils/RequestMetadata.java
  - lib/src/main/java/org/openapis/openapi/utils/Security.java
  - lib/src/main/java/org/openapis/openapi/utils/SecurityMetadata.java
  - lib/src/main/java/org/openapis/openapi/utils/SerializedBody.java
  - lib/src/main/java/org/openapis/openapi/utils/SpeakeasyHTTPClient.java
  - lib/src/main/java/org/openapis/openapi/utils/SpeakeasyHTTPSecurityClient.java
  - lib/src/main/java/org/openapis/openapi/utils/SpeakeasyMetadata.java
  - lib/src/main/java/org/openapis/openapi/utils/Types.java
  - lib/src/main/java/org/openapis/openapi/utils/Utils.java
  - settings.gradle
  - lib/src/main/java/org/openapis/openapi/models/operations/Errors.java
  - lib/src/main/java/org/openapis/openapi/models/operations/GetServerCapabilitiesServerResponseBody.java
  - lib/src/main/java/org/openapis/openapi/models/operations/Directory.java
  - lib/src/main/java/org/openapis/openapi/models/operations/MediaContainer.java
  - lib/src/main/java/org/openapis/openapi/models/operations/GetServerCapabilitiesResponseBody.java
  - lib/src/main/java/org/openapis/openapi/models/operations/GetServerCapabilitiesResponse.java
  - lib/src/main/java/org/openapis/openapi/models/operations/GetServerPreferencesErrors.java
  - lib/src/main/java/org/openapis/openapi/models/operations/GetServerPreferencesResponseBody.java
  - lib/src/main/java/org/openapis/openapi/models/operations/GetServerPreferencesResponse.java
  - lib/src/main/java/org/openapis/openapi/models/operations/GetAvailableClientsErrors.java
  - lib/src/main/java/org/openapis/openapi/models/operations/GetAvailableClientsResponseBody.java
  - lib/src/main/java/org/openapis/openapi/models/operations/Server.java
  - lib/src/main/java/org/openapis/openapi/models/operations/GetAvailableClientsMediaContainer.java
  - lib/src/main/java/org/openapis/openapi/models/operations/ResponseBody.java
  - lib/src/main/java/org/openapis/openapi/models/operations/GetAvailableClientsResponse.java
  - lib/src/main/java/org/openapis/openapi/models/operations/GetDevicesErrors.java
  - lib/src/main/java/org/openapis/openapi/models/operations/GetDevicesServerResponseBody.java
  - lib/src/main/java/org/openapis/openapi/models/operations/Device.java
  - lib/src/main/java/org/openapis/openapi/models/operations/GetDevicesMediaContainer.java
  - lib/src/main/java/org/openapis/openapi/models/operations/GetDevicesResponseBody.java
  - lib/src/main/java/org/openapis/openapi/models/operations/GetDevicesResponse.java
  - lib/src/main/java/org/openapis/openapi/models/operations/GetServerIdentityErrors.java
  - lib/src/main/java/org/openapis/openapi/models/operations/GetServerIdentityServerResponseBody.java
  - lib/src/main/java/org/openapis/openapi/models/operations/GetServerIdentityMediaContainer.java
  - lib/src/main/java/org/openapis/openapi/models/operations/GetServerIdentityResponseBody.java
  - lib/src/main/java/org/openapis/openapi/models/operations/GetServerIdentityResponse.java
  - lib/src/main/java/org/openapis/openapi/models/operations/GetMyPlexAccountErrors.java
  - lib/src/main/java/org/openapis/openapi/models/operations/GetMyPlexAccountServerResponseBody.java
  - lib/src/main/java/org/openapis/openapi/models/operations/MyPlex.java
  - lib/src/main/java/org/openapis/openapi/models/operations/GetMyPlexAccountResponseBody.java
  - lib/src/main/java/org/openapis/openapi/models/operations/GetMyPlexAccountResponse.java
  - lib/src/main/java/org/openapis/openapi/models/operations/MinSize.java
  - lib/src/main/java/org/openapis/openapi/models/operations/Upscale.java
  - lib/src/main/java/org/openapis/openapi/models/operations/GetResizedPhotoRequest.java
  - lib/src/main/java/org/openapis/openapi/models/operations/GetResizedPhotoErrors.java
  - lib/src/main/java/org/openapis/openapi/models/operations/GetResizedPhotoResponseBody.java
  - lib/src/main/java/org/openapis/openapi/models/operations/GetResizedPhotoResponse.java
  - lib/src/main/java/org/openapis/openapi/models/operations/GetServerListErrors.java
  - lib/src/main/java/org/openapis/openapi/models/operations/GetServerListServerResponseBody.java
  - lib/src/main/java/org/openapis/openapi/models/operations/GetServerListServer.java
  - lib/src/main/java/org/openapis/openapi/models/operations/GetServerListMediaContainer.java
  - lib/src/main/java/org/openapis/openapi/models/operations/GetServerListResponseBody.java
  - lib/src/main/java/org/openapis/openapi/models/operations/GetServerListResponse.java
  - lib/src/main/java/org/openapis/openapi/models/operations/MarkPlayedRequest.java
  - lib/src/main/java/org/openapis/openapi/models/operations/MarkPlayedErrors.java
  - lib/src/main/java/org/openapis/openapi/models/operations/MarkPlayedResponseBody.java
  - lib/src/main/java/org/openapis/openapi/models/operations/MarkPlayedResponse.java
  - lib/src/main/java/org/openapis/openapi/models/operations/MarkUnplayedRequest.java
  - lib/src/main/java/org/openapis/openapi/models/operations/MarkUnplayedErrors.java
  - lib/src/main/java/org/openapis/openapi/models/operations/MarkUnplayedResponseBody.java
  - lib/src/main/java/org/openapis/openapi/models/operations/MarkUnplayedResponse.java
  - lib/src/main/java/org/openapis/openapi/models/operations/UpdatePlayProgressRequest.java
  - lib/src/main/java/org/openapis/openapi/models/operations/UpdatePlayProgressErrors.java
  - lib/src/main/java/org/openapis/openapi/models/operations/UpdatePlayProgressResponseBody.java
  - lib/src/main/java/org/openapis/openapi/models/operations/UpdatePlayProgressResponse.java
  - lib/src/main/java/org/openapis/openapi/models/operations/GetServerActivitiesErrors.java
  - lib/src/main/java/org/openapis/openapi/models/operations/GetServerActivitiesActivitiesResponseBody.java
  - lib/src/main/java/org/openapis/openapi/models/operations/Context.java
  - lib/src/main/java/org/openapis/openapi/models/operations/Activity.java
  - lib/src/main/java/org/openapis/openapi/models/operations/GetServerActivitiesMediaContainer.java
  - lib/src/main/java/org/openapis/openapi/models/operations/GetServerActivitiesResponseBody.java
  - lib/src/main/java/org/openapis/openapi/models/operations/GetServerActivitiesResponse.java
  - lib/src/main/java/org/openapis/openapi/models/operations/CancelServerActivitiesRequest.java
  - lib/src/main/java/org/openapis/openapi/models/operations/CancelServerActivitiesErrors.java
  - lib/src/main/java/org/openapis/openapi/models/operations/CancelServerActivitiesResponseBody.java
  - lib/src/main/java/org/openapis/openapi/models/operations/CancelServerActivitiesResponse.java
  - lib/src/main/java/org/openapis/openapi/models/operations/GetButlerTasksErrors.java
  - lib/src/main/java/org/openapis/openapi/models/operations/GetButlerTasksButlerResponseBody.java
  - lib/src/main/java/org/openapis/openapi/models/operations/ButlerTask.java
  - lib/src/main/java/org/openapis/openapi/models/operations/ButlerTasks.java
  - lib/src/main/java/org/openapis/openapi/models/operations/GetButlerTasksResponseBody.java
  - lib/src/main/java/org/openapis/openapi/models/operations/GetButlerTasksResponse.java
  - lib/src/main/java/org/openapis/openapi/models/operations/StartAllTasksErrors.java
  - lib/src/main/java/org/openapis/openapi/models/operations/StartAllTasksResponseBody.java
  - lib/src/main/java/org/openapis/openapi/models/operations/StartAllTasksResponse.java
  - lib/src/main/java/org/openapis/openapi/models/operations/StopAllTasksErrors.java
  - lib/src/main/java/org/openapis/openapi/models/operations/StopAllTasksResponseBody.java
  - lib/src/main/java/org/openapis/openapi/models/operations/StopAllTasksResponse.java
  - lib/src/main/java/org/openapis/openapi/models/operations/TaskName.java
  - lib/src/main/java/org/openapis/openapi/models/operations/StartTaskRequest.java
  - lib/src/main/java/org/openapis/openapi/models/operations/StartTaskErrors.java
  - lib/src/main/java/org/openapis/openapi/models/operations/StartTaskResponseBody.java
  - lib/src/main/java/org/openapis/openapi/models/operations/StartTaskResponse.java
  - lib/src/main/java/org/openapis/openapi/models/operations/PathParamTaskName.java
  - lib/src/main/java/org/openapis/openapi/models/operations/StopTaskRequest.java
  - lib/src/main/java/org/openapis/openapi/models/operations/StopTaskErrors.java
  - lib/src/main/java/org/openapis/openapi/models/operations/StopTaskResponseBody.java
  - lib/src/main/java/org/openapis/openapi/models/operations/StopTaskResponse.java
  - lib/src/main/java/org/openapis/openapi/models/operations/OnlyTransient.java
  - lib/src/main/java/org/openapis/openapi/models/operations/GetGlobalHubsRequest.java
  - lib/src/main/java/org/openapis/openapi/models/operations/GetGlobalHubsErrors.java
  - lib/src/main/java/org/openapis/openapi/models/operations/GetGlobalHubsResponseBody.java
  - lib/src/main/java/org/openapis/openapi/models/operations/GetGlobalHubsResponse.java
  - lib/src/main/java/org/openapis/openapi/models/operations/QueryParamOnlyTransient.java
  - lib/src/main/java/org/openapis/openapi/models/operations/GetLibraryHubsRequest.java
  - lib/src/main/java/org/openapis/openapi/models/operations/GetLibraryHubsErrors.java
  - lib/src/main/java/org/openapis/openapi/models/operations/GetLibraryHubsResponseBody.java
  - lib/src/main/java/org/openapis/openapi/models/operations/GetLibraryHubsResponse.java
  - lib/src/main/java/org/openapis/openapi/models/operations/PerformSearchRequest.java
  - lib/src/main/java/org/openapis/openapi/models/operations/PerformSearchErrors.java
  - lib/src/main/java/org/openapis/openapi/models/operations/PerformSearchResponseBody.java
  - lib/src/main/java/org/openapis/openapi/models/operations/PerformSearchResponse.java
  - lib/src/main/java/org/openapis/openapi/models/operations/PerformVoiceSearchRequest.java
  - lib/src/main/java/org/openapis/openapi/models/operations/PerformVoiceSearchErrors.java
  - lib/src/main/java/org/openapis/openapi/models/operations/PerformVoiceSearchResponseBody.java
  - lib/src/main/java/org/openapis/openapi/models/operations/PerformVoiceSearchResponse.java
  - lib/src/main/java/org/openapis/openapi/models/operations/GetSearchResultsRequest.java
  - lib/src/main/java/org/openapis/openapi/models/operations/GetSearchResultsErrors.java
  - lib/src/main/java/org/openapis/openapi/models/operations/GetSearchResultsSearchResponseBody.java
  - lib/src/main/java/org/openapis/openapi/models/operations/GetSearchResultsPart.java
  - lib/src/main/java/org/openapis/openapi/models/operations/GetSearchResultsMedia.java
  - lib/src/main/java/org/openapis/openapi/models/operations/GetSearchResultsGenre.java
  - lib/src/main/java/org/openapis/openapi/models/operations/GetSearchResultsDirector.java
  - lib/src/main/java/org/openapis/openapi/models/operations/GetSearchResultsWriter.java
  - lib/src/main/java/org/openapis/openapi/models/operations/GetSearchResultsCountry.java
  - lib/src/main/java/org/openapis/openapi/models/operations/GetSearchResultsRole.java
  - lib/src/main/java/org/openapis/openapi/models/operations/GetSearchResultsMetadata.java
  - lib/src/main/java/org/openapis/openapi/models/operations/Provider.java
  - lib/src/main/java/org/openapis/openapi/models/operations/GetSearchResultsMediaContainer.java
  - lib/src/main/java/org/openapis/openapi/models/operations/GetSearchResultsResponseBody.java
  - lib/src/main/java/org/openapis/openapi/models/operations/GetSearchResultsResponse.java
  - lib/src/main/java/org/openapis/openapi/models/operations/GetFileHashRequest.java
  - lib/src/main/java/org/openapis/openapi/models/operations/GetFileHashErrors.java
  - lib/src/main/java/org/openapis/openapi/models/operations/GetFileHashResponseBody.java
  - lib/src/main/java/org/openapis/openapi/models/operations/GetFileHashResponse.java
  - lib/src/main/java/org/openapis/openapi/models/operations/GetRecentlyAddedErrors.java
  - lib/src/main/java/org/openapis/openapi/models/operations/GetRecentlyAddedLibraryResponseBody.java
  - lib/src/main/java/org/openapis/openapi/models/operations/Part.java
  - lib/src/main/java/org/openapis/openapi/models/operations/Media.java
  - lib/src/main/java/org/openapis/openapi/models/operations/Genre.java
  - lib/src/main/java/org/openapis/openapi/models/operations/Director.java
  - lib/src/main/java/org/openapis/openapi/models/operations/Writer.java
  - lib/src/main/java/org/openapis/openapi/models/operations/Country.java
  - lib/src/main/java/org/openapis/openapi/models/operations/Role.java
  - lib/src/main/java/org/openapis/openapi/models/operations/Metadata.java
  - lib/src/main/java/org/openapis/openapi/models/operations/GetRecentlyAddedMediaContainer.java
  - lib/src/main/java/org/openapis/openapi/models/operations/GetRecentlyAddedResponseBody.java
  - lib/src/main/java/org/openapis/openapi/models/operations/GetRecentlyAddedResponse.java
  - lib/src/main/java/org/openapis/openapi/models/operations/GetLibrariesErrors.java
  - lib/src/main/java/org/openapis/openapi/models/operations/GetLibrariesResponseBody.java
  - lib/src/main/java/org/openapis/openapi/models/operations/GetLibrariesResponse.java
  - lib/src/main/java/org/openapis/openapi/models/operations/IncludeDetails.java
  - lib/src/main/java/org/openapis/openapi/models/operations/GetLibraryRequest.java
  - lib/src/main/java/org/openapis/openapi/models/operations/GetLibraryErrors.java
  - lib/src/main/java/org/openapis/openapi/models/operations/GetLibraryResponseBody.java
  - lib/src/main/java/org/openapis/openapi/models/operations/GetLibraryResponse.java
  - lib/src/main/java/org/openapis/openapi/models/operations/DeleteLibraryRequest.java
  - lib/src/main/java/org/openapis/openapi/models/operations/DeleteLibraryErrors.java
  - lib/src/main/java/org/openapis/openapi/models/operations/DeleteLibraryResponseBody.java
  - lib/src/main/java/org/openapis/openapi/models/operations/DeleteLibraryResponse.java
  - lib/src/main/java/org/openapis/openapi/models/operations/GetLibraryItemsRequest.java
  - lib/src/main/java/org/openapis/openapi/models/operations/GetLibraryItemsErrors.java
  - lib/src/main/java/org/openapis/openapi/models/operations/GetLibraryItemsResponseBody.java
  - lib/src/main/java/org/openapis/openapi/models/operations/GetLibraryItemsResponse.java
  - lib/src/main/java/org/openapis/openapi/models/operations/RefreshLibraryRequest.java
  - lib/src/main/java/org/openapis/openapi/models/operations/RefreshLibraryErrors.java
  - lib/src/main/java/org/openapis/openapi/models/operations/RefreshLibraryResponseBody.java
  - lib/src/main/java/org/openapis/openapi/models/operations/RefreshLibraryResponse.java
  - lib/src/main/java/org/openapis/openapi/models/operations/GetLatestLibraryItemsRequest.java
  - lib/src/main/java/org/openapis/openapi/models/operations/GetLatestLibraryItemsErrors.java
  - lib/src/main/java/org/openapis/openapi/models/operations/GetLatestLibraryItemsResponseBody.java
  - lib/src/main/java/org/openapis/openapi/models/operations/GetLatestLibraryItemsResponse.java
  - lib/src/main/java/org/openapis/openapi/models/operations/GetCommonLibraryItemsRequest.java
  - lib/src/main/java/org/openapis/openapi/models/operations/GetCommonLibraryItemsErrors.java
  - lib/src/main/java/org/openapis/openapi/models/operations/GetCommonLibraryItemsResponseBody.java
  - lib/src/main/java/org/openapis/openapi/models/operations/GetCommonLibraryItemsResponse.java
  - lib/src/main/java/org/openapis/openapi/models/operations/GetMetadataRequest.java
  - lib/src/main/java/org/openapis/openapi/models/operations/GetMetadataErrors.java
  - lib/src/main/java/org/openapis/openapi/models/operations/GetMetadataResponseBody.java
  - lib/src/main/java/org/openapis/openapi/models/operations/GetMetadataResponse.java
  - lib/src/main/java/org/openapis/openapi/models/operations/GetMetadataChildrenRequest.java
  - lib/src/main/java/org/openapis/openapi/models/operations/GetMetadataChildrenErrors.java
  - lib/src/main/java/org/openapis/openapi/models/operations/GetMetadataChildrenResponseBody.java
  - lib/src/main/java/org/openapis/openapi/models/operations/GetMetadataChildrenResponse.java
  - lib/src/main/java/org/openapis/openapi/models/operations/GetOnDeckErrors.java
  - lib/src/main/java/org/openapis/openapi/models/operations/GetOnDeckLibraryResponseBody.java
  - lib/src/main/java/org/openapis/openapi/models/operations/Stream.java
  - lib/src/main/java/org/openapis/openapi/models/operations/GetOnDeckPart.java
  - lib/src/main/java/org/openapis/openapi/models/operations/GetOnDeckMedia.java
  - lib/src/main/java/org/openapis/openapi/models/operations/Guids.java
  - lib/src/main/java/org/openapis/openapi/models/operations/GetOnDeckMetadata.java
  - lib/src/main/java/org/openapis/openapi/models/operations/GetOnDeckMediaContainer.java
  - lib/src/main/java/org/openapis/openapi/models/operations/GetOnDeckResponseBody.java
  - lib/src/main/java/org/openapis/openapi/models/operations/GetOnDeckResponse.java
  - lib/src/main/java/org/openapis/openapi/models/operations/Level.java
  - lib/src/main/java/org/openapis/openapi/models/operations/LogLineRequest.java
  - lib/src/main/java/org/openapis/openapi/models/operations/LogLineErrors.java
  - lib/src/main/java/org/openapis/openapi/models/operations/LogLineResponseBody.java
  - lib/src/main/java/org/openapis/openapi/models/operations/LogLineResponse.java
  - lib/src/main/java/org/openapis/openapi/models/operations/LogMultiLineErrors.java
  - lib/src/main/java/org/openapis/openapi/models/operations/LogMultiLineResponseBody.java
  - lib/src/main/java/org/openapis/openapi/models/operations/LogMultiLineResponse.java
  - lib/src/main/java/org/openapis/openapi/models/operations/EnablePaperTrailErrors.java
  - lib/src/main/java/org/openapis/openapi/models/operations/EnablePaperTrailResponseBody.java
  - lib/src/main/java/org/openapis/openapi/models/operations/EnablePaperTrailResponse.java
  - lib/src/main/java/org/openapis/openapi/models/operations/Type.java
  - lib/src/main/java/org/openapis/openapi/models/operations/Smart.java
  - lib/src/main/java/org/openapis/openapi/models/operations/CreatePlaylistRequest.java
  - lib/src/main/java/org/openapis/openapi/models/operations/CreatePlaylistErrors.java
  - lib/src/main/java/org/openapis/openapi/models/operations/CreatePlaylistResponseBody.java
  - lib/src/main/java/org/openapis/openapi/models/operations/CreatePlaylistResponse.java
  - lib/src/main/java/org/openapis/openapi/models/operations/PlaylistType.java
  - lib/src/main/java/org/openapis/openapi/models/operations/QueryParamSmart.java
  - lib/src/main/java/org/openapis/openapi/models/operations/GetPlaylistsRequest.java
  - lib/src/main/java/org/openapis/openapi/models/operations/GetPlaylistsErrors.java
  - lib/src/main/java/org/openapis/openapi/models/operations/GetPlaylistsResponseBody.java
  - lib/src/main/java/org/openapis/openapi/models/operations/GetPlaylistsResponse.java
  - lib/src/main/java/org/openapis/openapi/models/operations/GetPlaylistRequest.java
  - lib/src/main/java/org/openapis/openapi/models/operations/GetPlaylistErrors.java
  - lib/src/main/java/org/openapis/openapi/models/operations/GetPlaylistResponseBody.java
  - lib/src/main/java/org/openapis/openapi/models/operations/GetPlaylistResponse.java
  - lib/src/main/java/org/openapis/openapi/models/operations/DeletePlaylistRequest.java
  - lib/src/main/java/org/openapis/openapi/models/operations/DeletePlaylistErrors.java
  - lib/src/main/java/org/openapis/openapi/models/operations/DeletePlaylistResponseBody.java
  - lib/src/main/java/org/openapis/openapi/models/operations/DeletePlaylistResponse.java
  - lib/src/main/java/org/openapis/openapi/models/operations/UpdatePlaylistRequest.java
  - lib/src/main/java/org/openapis/openapi/models/operations/UpdatePlaylistErrors.java
  - lib/src/main/java/org/openapis/openapi/models/operations/UpdatePlaylistResponseBody.java
  - lib/src/main/java/org/openapis/openapi/models/operations/UpdatePlaylistResponse.java
  - lib/src/main/java/org/openapis/openapi/models/operations/GetPlaylistContentsRequest.java
  - lib/src/main/java/org/openapis/openapi/models/operations/GetPlaylistContentsErrors.java
  - lib/src/main/java/org/openapis/openapi/models/operations/GetPlaylistContentsResponseBody.java
  - lib/src/main/java/org/openapis/openapi/models/operations/GetPlaylistContentsResponse.java
  - lib/src/main/java/org/openapis/openapi/models/operations/ClearPlaylistContentsRequest.java
  - lib/src/main/java/org/openapis/openapi/models/operations/ClearPlaylistContentsErrors.java
  - lib/src/main/java/org/openapis/openapi/models/operations/ClearPlaylistContentsResponseBody.java
  - lib/src/main/java/org/openapis/openapi/models/operations/ClearPlaylistContentsResponse.java
  - lib/src/main/java/org/openapis/openapi/models/operations/AddPlaylistContentsRequest.java
  - lib/src/main/java/org/openapis/openapi/models/operations/AddPlaylistContentsErrors.java
  - lib/src/main/java/org/openapis/openapi/models/operations/AddPlaylistContentsResponseBody.java
  - lib/src/main/java/org/openapis/openapi/models/operations/AddPlaylistContentsResponse.java
  - lib/src/main/java/org/openapis/openapi/models/operations/Force.java
  - lib/src/main/java/org/openapis/openapi/models/operations/UploadPlaylistRequest.java
  - lib/src/main/java/org/openapis/openapi/models/operations/UploadPlaylistErrors.java
  - lib/src/main/java/org/openapis/openapi/models/operations/UploadPlaylistResponseBody.java
  - lib/src/main/java/org/openapis/openapi/models/operations/UploadPlaylistResponse.java
  - lib/src/main/java/org/openapis/openapi/models/operations/QueryParamType.java
  - lib/src/main/java/org/openapis/openapi/models/operations/Scope.java
  - lib/src/main/java/org/openapis/openapi/models/operations/GetTransientTokenRequest.java
  - lib/src/main/java/org/openapis/openapi/models/operations/GetTransientTokenErrors.java
  - lib/src/main/java/org/openapis/openapi/models/operations/GetTransientTokenResponseBody.java
  - lib/src/main/java/org/openapis/openapi/models/operations/GetTransientTokenResponse.java
  - lib/src/main/java/org/openapis/openapi/models/operations/GetSourceConnectionInformationRequest.java
  - lib/src/main/java/org/openapis/openapi/models/operations/GetSourceConnectionInformationErrors.java
  - lib/src/main/java/org/openapis/openapi/models/operations/GetSourceConnectionInformationResponseBody.java
  - lib/src/main/java/org/openapis/openapi/models/operations/GetSourceConnectionInformationResponse.java
  - lib/src/main/java/org/openapis/openapi/models/operations/GetSessionsErrors.java
  - lib/src/main/java/org/openapis/openapi/models/operations/GetSessionsResponseBody.java
  - lib/src/main/java/org/openapis/openapi/models/operations/GetSessionsResponse.java
  - lib/src/main/java/org/openapis/openapi/models/operations/GetSessionHistoryErrors.java
  - lib/src/main/java/org/openapis/openapi/models/operations/GetSessionHistoryResponseBody.java
  - lib/src/main/java/org/openapis/openapi/models/operations/GetSessionHistoryResponse.java
  - lib/src/main/java/org/openapis/openapi/models/operations/GetTranscodeSessionsErrors.java
  - lib/src/main/java/org/openapis/openapi/models/operations/GetTranscodeSessionsSessionsResponseBody.java
  - lib/src/main/java/org/openapis/openapi/models/operations/TranscodeSession.java
  - lib/src/main/java/org/openapis/openapi/models/operations/GetTranscodeSessionsMediaContainer.java
  - lib/src/main/java/org/openapis/openapi/models/operations/GetTranscodeSessionsResponseBody.java
  - lib/src/main/java/org/openapis/openapi/models/operations/GetTranscodeSessionsResponse.java
  - lib/src/main/java/org/openapis/openapi/models/operations/StopTranscodeSessionRequest.java
  - lib/src/main/java/org/openapis/openapi/models/operations/StopTranscodeSessionErrors.java
  - lib/src/main/java/org/openapis/openapi/models/operations/StopTranscodeSessionResponseBody.java
  - lib/src/main/java/org/openapis/openapi/models/operations/StopTranscodeSessionResponse.java
  - lib/src/main/java/org/openapis/openapi/models/operations/GetUpdateStatusErrors.java
  - lib/src/main/java/org/openapis/openapi/models/operations/GetUpdateStatusResponseBody.java
  - lib/src/main/java/org/openapis/openapi/models/operations/GetUpdateStatusResponse.java
  - lib/src/main/java/org/openapis/openapi/models/operations/Download.java
  - lib/src/main/java/org/openapis/openapi/models/operations/CheckForUpdatesRequest.java
  - lib/src/main/java/org/openapis/openapi/models/operations/CheckForUpdatesErrors.java
  - lib/src/main/java/org/openapis/openapi/models/operations/CheckForUpdatesResponseBody.java
  - lib/src/main/java/org/openapis/openapi/models/operations/CheckForUpdatesResponse.java
  - lib/src/main/java/org/openapis/openapi/models/operations/Tonight.java
  - lib/src/main/java/org/openapis/openapi/models/operations/Skip.java
  - lib/src/main/java/org/openapis/openapi/models/operations/ApplyUpdatesRequest.java
  - lib/src/main/java/org/openapis/openapi/models/operations/ApplyUpdatesErrors.java
  - lib/src/main/java/org/openapis/openapi/models/operations/ApplyUpdatesResponseBody.java
  - lib/src/main/java/org/openapis/openapi/models/operations/ApplyUpdatesResponse.java
  - lib/src/main/java/org/openapis/openapi/models/operations/StartUniversalTranscodeRequest.java
  - lib/src/main/java/org/openapis/openapi/models/operations/StartUniversalTranscodeErrors.java
  - lib/src/main/java/org/openapis/openapi/models/operations/StartUniversalTranscodeResponseBody.java
  - lib/src/main/java/org/openapis/openapi/models/operations/StartUniversalTranscodeResponse.java
  - lib/src/main/java/org/openapis/openapi/models/operations/State.java
  - lib/src/main/java/org/openapis/openapi/models/operations/GetTimelineRequest.java
  - lib/src/main/java/org/openapis/openapi/models/operations/GetTimelineErrors.java
  - lib/src/main/java/org/openapis/openapi/models/operations/GetTimelineResponseBody.java
  - lib/src/main/java/org/openapis/openapi/models/operations/GetTimelineResponse.java
  - lib/src/main/java/org/openapis/openapi/models/shared/Security.java
  - docs/models/operations/Errors.md
  - docs/models/operations/GetServerCapabilitiesServerResponseBody.md
  - docs/models/operations/Directory.md
  - docs/models/operations/MediaContainer.md
  - docs/models/operations/GetServerCapabilitiesResponseBody.md
  - docs/models/operations/GetServerCapabilitiesResponse.md
  - docs/models/operations/GetServerPreferencesErrors.md
  - docs/models/operations/GetServerPreferencesResponseBody.md
  - docs/models/operations/GetServerPreferencesResponse.md
  - docs/models/operations/GetAvailableClientsErrors.md
  - docs/models/operations/GetAvailableClientsResponseBody.md
  - docs/models/operations/Server.md
  - docs/models/operations/GetAvailableClientsMediaContainer.md
  - docs/models/operations/ResponseBody.md
  - docs/models/operations/GetAvailableClientsResponse.md
  - docs/models/operations/GetDevicesErrors.md
  - docs/models/operations/GetDevicesServerResponseBody.md
  - docs/models/operations/Device.md
  - docs/models/operations/GetDevicesMediaContainer.md
  - docs/models/operations/GetDevicesResponseBody.md
  - docs/models/operations/GetDevicesResponse.md
  - docs/models/operations/GetServerIdentityErrors.md
  - docs/models/operations/GetServerIdentityServerResponseBody.md
  - docs/models/operations/GetServerIdentityMediaContainer.md
  - docs/models/operations/GetServerIdentityResponseBody.md
  - docs/models/operations/GetServerIdentityResponse.md
  - docs/models/operations/GetMyPlexAccountErrors.md
  - docs/models/operations/GetMyPlexAccountServerResponseBody.md
  - docs/models/operations/MyPlex.md
  - docs/models/operations/GetMyPlexAccountResponseBody.md
  - docs/models/operations/GetMyPlexAccountResponse.md
  - docs/models/operations/MinSize.md
  - docs/models/operations/Upscale.md
  - docs/models/operations/GetResizedPhotoRequest.md
  - docs/models/operations/GetResizedPhotoErrors.md
  - docs/models/operations/GetResizedPhotoResponseBody.md
  - docs/models/operations/GetResizedPhotoResponse.md
  - docs/models/operations/GetServerListErrors.md
  - docs/models/operations/GetServerListServerResponseBody.md
  - docs/models/operations/GetServerListServer.md
  - docs/models/operations/GetServerListMediaContainer.md
  - docs/models/operations/GetServerListResponseBody.md
  - docs/models/operations/GetServerListResponse.md
  - docs/models/operations/MarkPlayedRequest.md
  - docs/models/operations/MarkPlayedErrors.md
  - docs/models/operations/MarkPlayedResponseBody.md
  - docs/models/operations/MarkPlayedResponse.md
  - docs/models/operations/MarkUnplayedRequest.md
  - docs/models/operations/MarkUnplayedErrors.md
  - docs/models/operations/MarkUnplayedResponseBody.md
  - docs/models/operations/MarkUnplayedResponse.md
  - docs/models/operations/UpdatePlayProgressRequest.md
  - docs/models/operations/UpdatePlayProgressErrors.md
  - docs/models/operations/UpdatePlayProgressResponseBody.md
  - docs/models/operations/UpdatePlayProgressResponse.md
  - docs/models/operations/GetServerActivitiesErrors.md
  - docs/models/operations/GetServerActivitiesActivitiesResponseBody.md
  - docs/models/operations/Context.md
  - docs/models/operations/Activity.md
  - docs/models/operations/GetServerActivitiesMediaContainer.md
  - docs/models/operations/GetServerActivitiesResponseBody.md
  - docs/models/operations/GetServerActivitiesResponse.md
  - docs/models/operations/CancelServerActivitiesRequest.md
  - docs/models/operations/CancelServerActivitiesErrors.md
  - docs/models/operations/CancelServerActivitiesResponseBody.md
  - docs/models/operations/CancelServerActivitiesResponse.md
  - docs/models/operations/GetButlerTasksErrors.md
  - docs/models/operations/GetButlerTasksButlerResponseBody.md
  - docs/models/operations/ButlerTask.md
  - docs/models/operations/ButlerTasks.md
  - docs/models/operations/GetButlerTasksResponseBody.md
  - docs/models/operations/GetButlerTasksResponse.md
  - docs/models/operations/StartAllTasksErrors.md
  - docs/models/operations/StartAllTasksResponseBody.md
  - docs/models/operations/StartAllTasksResponse.md
  - docs/models/operations/StopAllTasksErrors.md
  - docs/models/operations/StopAllTasksResponseBody.md
  - docs/models/operations/StopAllTasksResponse.md
  - docs/models/operations/TaskName.md
  - docs/models/operations/StartTaskRequest.md
  - docs/models/operations/StartTaskErrors.md
  - docs/models/operations/StartTaskResponseBody.md
  - docs/models/operations/StartTaskResponse.md
  - docs/models/operations/PathParamTaskName.md
  - docs/models/operations/StopTaskRequest.md
  - docs/models/operations/StopTaskErrors.md
  - docs/models/operations/StopTaskResponseBody.md
  - docs/models/operations/StopTaskResponse.md
  - docs/models/operations/OnlyTransient.md
  - docs/models/operations/GetGlobalHubsRequest.md
  - docs/models/operations/GetGlobalHubsErrors.md
  - docs/models/operations/GetGlobalHubsResponseBody.md
  - docs/models/operations/GetGlobalHubsResponse.md
  - docs/models/operations/QueryParamOnlyTransient.md
  - docs/models/operations/GetLibraryHubsRequest.md
  - docs/models/operations/GetLibraryHubsErrors.md
  - docs/models/operations/GetLibraryHubsResponseBody.md
  - docs/models/operations/GetLibraryHubsResponse.md
  - docs/models/operations/PerformSearchRequest.md
  - docs/models/operations/PerformSearchErrors.md
  - docs/models/operations/PerformSearchResponseBody.md
  - docs/models/operations/PerformSearchResponse.md
  - docs/models/operations/PerformVoiceSearchRequest.md
  - docs/models/operations/PerformVoiceSearchErrors.md
  - docs/models/operations/PerformVoiceSearchResponseBody.md
  - docs/models/operations/PerformVoiceSearchResponse.md
  - docs/models/operations/GetSearchResultsRequest.md
  - docs/models/operations/GetSearchResultsErrors.md
  - docs/models/operations/GetSearchResultsSearchResponseBody.md
  - docs/models/operations/GetSearchResultsPart.md
  - docs/models/operations/GetSearchResultsMedia.md
  - docs/models/operations/GetSearchResultsGenre.md
  - docs/models/operations/GetSearchResultsDirector.md
  - docs/models/operations/GetSearchResultsWriter.md
  - docs/models/operations/GetSearchResultsCountry.md
  - docs/models/operations/GetSearchResultsRole.md
  - docs/models/operations/GetSearchResultsMetadata.md
  - docs/models/operations/Provider.md
  - docs/models/operations/GetSearchResultsMediaContainer.md
  - docs/models/operations/GetSearchResultsResponseBody.md
  - docs/models/operations/GetSearchResultsResponse.md
  - docs/models/operations/GetFileHashRequest.md
  - docs/models/operations/GetFileHashErrors.md
  - docs/models/operations/GetFileHashResponseBody.md
  - docs/models/operations/GetFileHashResponse.md
  - docs/models/operations/GetRecentlyAddedErrors.md
  - docs/models/operations/GetRecentlyAddedLibraryResponseBody.md
  - docs/models/operations/Part.md
  - docs/models/operations/Media.md
  - docs/models/operations/Genre.md
  - docs/models/operations/Director.md
  - docs/models/operations/Writer.md
  - docs/models/operations/Country.md
  - docs/models/operations/Role.md
  - docs/models/operations/Metadata.md
  - docs/models/operations/GetRecentlyAddedMediaContainer.md
  - docs/models/operations/GetRecentlyAddedResponseBody.md
  - docs/models/operations/GetRecentlyAddedResponse.md
  - docs/models/operations/GetLibrariesErrors.md
  - docs/models/operations/GetLibrariesResponseBody.md
  - docs/models/operations/GetLibrariesResponse.md
  - docs/models/operations/IncludeDetails.md
  - docs/models/operations/GetLibraryRequest.md
  - docs/models/operations/GetLibraryErrors.md
  - docs/models/operations/GetLibraryResponseBody.md
  - docs/models/operations/GetLibraryResponse.md
  - docs/models/operations/DeleteLibraryRequest.md
  - docs/models/operations/DeleteLibraryErrors.md
  - docs/models/operations/DeleteLibraryResponseBody.md
  - docs/models/operations/DeleteLibraryResponse.md
  - docs/models/operations/GetLibraryItemsRequest.md
  - docs/models/operations/GetLibraryItemsErrors.md
  - docs/models/operations/GetLibraryItemsResponseBody.md
  - docs/models/operations/GetLibraryItemsResponse.md
  - docs/models/operations/RefreshLibraryRequest.md
  - docs/models/operations/RefreshLibraryErrors.md
  - docs/models/operations/RefreshLibraryResponseBody.md
  - docs/models/operations/RefreshLibraryResponse.md
  - docs/models/operations/GetLatestLibraryItemsRequest.md
  - docs/models/operations/GetLatestLibraryItemsErrors.md
  - docs/models/operations/GetLatestLibraryItemsResponseBody.md
  - docs/models/operations/GetLatestLibraryItemsResponse.md
  - docs/models/operations/GetCommonLibraryItemsRequest.md
  - docs/models/operations/GetCommonLibraryItemsErrors.md
  - docs/models/operations/GetCommonLibraryItemsResponseBody.md
  - docs/models/operations/GetCommonLibraryItemsResponse.md
  - docs/models/operations/GetMetadataRequest.md
  - docs/models/operations/GetMetadataErrors.md
  - docs/models/operations/GetMetadataResponseBody.md
  - docs/models/operations/GetMetadataResponse.md
  - docs/models/operations/GetMetadataChildrenRequest.md
  - docs/models/operations/GetMetadataChildrenErrors.md
  - docs/models/operations/GetMetadataChildrenResponseBody.md
  - docs/models/operations/GetMetadataChildrenResponse.md
  - docs/models/operations/GetOnDeckErrors.md
  - docs/models/operations/GetOnDeckLibraryResponseBody.md
  - docs/models/operations/Stream.md
  - docs/models/operations/GetOnDeckPart.md
  - docs/models/operations/GetOnDeckMedia.md
  - docs/models/operations/Guids.md
  - docs/models/operations/GetOnDeckMetadata.md
  - docs/models/operations/GetOnDeckMediaContainer.md
  - docs/models/operations/GetOnDeckResponseBody.md
  - docs/models/operations/GetOnDeckResponse.md
  - docs/models/operations/Level.md
  - docs/models/operations/LogLineRequest.md
  - docs/models/operations/LogLineErrors.md
  - docs/models/operations/LogLineResponseBody.md
  - docs/models/operations/LogLineResponse.md
  - docs/models/operations/LogMultiLineErrors.md
  - docs/models/operations/LogMultiLineResponseBody.md
  - docs/models/operations/LogMultiLineResponse.md
  - docs/models/operations/EnablePaperTrailErrors.md
  - docs/models/operations/EnablePaperTrailResponseBody.md
  - docs/models/operations/EnablePaperTrailResponse.md
  - docs/models/operations/Type.md
  - docs/models/operations/Smart.md
  - docs/models/operations/CreatePlaylistRequest.md
  - docs/models/operations/CreatePlaylistErrors.md
  - docs/models/operations/CreatePlaylistResponseBody.md
  - docs/models/operations/CreatePlaylistResponse.md
  - docs/models/operations/PlaylistType.md
  - docs/models/operations/QueryParamSmart.md
  - docs/models/operations/GetPlaylistsRequest.md
  - docs/models/operations/GetPlaylistsErrors.md
  - docs/models/operations/GetPlaylistsResponseBody.md
  - docs/models/operations/GetPlaylistsResponse.md
  - docs/models/operations/GetPlaylistRequest.md
  - docs/models/operations/GetPlaylistErrors.md
  - docs/models/operations/GetPlaylistResponseBody.md
  - docs/models/operations/GetPlaylistResponse.md
  - docs/models/operations/DeletePlaylistRequest.md
  - docs/models/operations/DeletePlaylistErrors.md
  - docs/models/operations/DeletePlaylistResponseBody.md
  - docs/models/operations/DeletePlaylistResponse.md
  - docs/models/operations/UpdatePlaylistRequest.md
  - docs/models/operations/UpdatePlaylistErrors.md
  - docs/models/operations/UpdatePlaylistResponseBody.md
  - docs/models/operations/UpdatePlaylistResponse.md
  - docs/models/operations/GetPlaylistContentsRequest.md
  - docs/models/operations/GetPlaylistContentsErrors.md
  - docs/models/operations/GetPlaylistContentsResponseBody.md
  - docs/models/operations/GetPlaylistContentsResponse.md
  - docs/models/operations/ClearPlaylistContentsRequest.md
  - docs/models/operations/ClearPlaylistContentsErrors.md
  - docs/models/operations/ClearPlaylistContentsResponseBody.md
  - docs/models/operations/ClearPlaylistContentsResponse.md
  - docs/models/operations/AddPlaylistContentsRequest.md
  - docs/models/operations/AddPlaylistContentsErrors.md
  - docs/models/operations/AddPlaylistContentsResponseBody.md
  - docs/models/operations/AddPlaylistContentsResponse.md
  - docs/models/operations/Force.md
  - docs/models/operations/UploadPlaylistRequest.md
  - docs/models/operations/UploadPlaylistErrors.md
  - docs/models/operations/UploadPlaylistResponseBody.md
  - docs/models/operations/UploadPlaylistResponse.md
  - docs/models/operations/QueryParamType.md
  - docs/models/operations/Scope.md
  - docs/models/operations/GetTransientTokenRequest.md
  - docs/models/operations/GetTransientTokenErrors.md
  - docs/models/operations/GetTransientTokenResponseBody.md
  - docs/models/operations/GetTransientTokenResponse.md
  - docs/models/operations/GetSourceConnectionInformationRequest.md
  - docs/models/operations/GetSourceConnectionInformationErrors.md
  - docs/models/operations/GetSourceConnectionInformationResponseBody.md
  - docs/models/operations/GetSourceConnectionInformationResponse.md
  - docs/models/operations/GetSessionsErrors.md
  - docs/models/operations/GetSessionsResponseBody.md
  - docs/models/operations/GetSessionsResponse.md
  - docs/models/operations/GetSessionHistoryErrors.md
  - docs/models/operations/GetSessionHistoryResponseBody.md
  - docs/models/operations/GetSessionHistoryResponse.md
  - docs/models/operations/GetTranscodeSessionsErrors.md
  - docs/models/operations/GetTranscodeSessionsSessionsResponseBody.md
  - docs/models/operations/TranscodeSession.md
  - docs/models/operations/GetTranscodeSessionsMediaContainer.md
  - docs/models/operations/GetTranscodeSessionsResponseBody.md
  - docs/models/operations/GetTranscodeSessionsResponse.md
  - docs/models/operations/StopTranscodeSessionRequest.md
  - docs/models/operations/StopTranscodeSessionErrors.md
  - docs/models/operations/StopTranscodeSessionResponseBody.md
  - docs/models/operations/StopTranscodeSessionResponse.md
  - docs/models/operations/GetUpdateStatusErrors.md
  - docs/models/operations/GetUpdateStatusResponseBody.md
  - docs/models/operations/GetUpdateStatusResponse.md
  - docs/models/operations/Download.md
  - docs/models/operations/CheckForUpdatesRequest.md
  - docs/models/operations/CheckForUpdatesErrors.md
  - docs/models/operations/CheckForUpdatesResponseBody.md
  - docs/models/operations/CheckForUpdatesResponse.md
  - docs/models/operations/Tonight.md
  - docs/models/operations/Skip.md
  - docs/models/operations/ApplyUpdatesRequest.md
  - docs/models/operations/ApplyUpdatesErrors.md
  - docs/models/operations/ApplyUpdatesResponseBody.md
  - docs/models/operations/ApplyUpdatesResponse.md
  - docs/models/operations/StartUniversalTranscodeRequest.md
  - docs/models/operations/StartUniversalTranscodeErrors.md
  - docs/models/operations/StartUniversalTranscodeResponseBody.md
  - docs/models/operations/StartUniversalTranscodeResponse.md
  - docs/models/operations/State.md
  - docs/models/operations/GetTimelineRequest.md
  - docs/models/operations/GetTimelineErrors.md
  - docs/models/operations/GetTimelineResponseBody.md
  - docs/models/operations/GetTimelineResponse.md
  - docs/models/shared/Security.md
  - USAGE.md
