speakeasyVersion: 1.459.2
sources:
    my-source:
        sourceNamespace: my-source
        sourceRevisionDigest: sha256:893baf00932f1b8e49b2e60af272be6a9a62934af6eb3a2f96dd9f2302ef69c5
        sourceBlobDigest: sha256:f689cdc9c740f4e5120422720722d2d256d56ceb62bc13370713ec1661a433df
        tags:
            - latest
    plexapi:
        sourceNamespace: plexapi
        sourceRevisionDigest: sha256:28e2213b78ff9c789846a4a0b7ab9fb219079a1699d44b22d28474efc4f48eac
        sourceBlobDigest: sha256:fa76c39de0ff801844dd56a76c26ab6ca88695fc9b42bb9ff9a8aab5b2b21277
        tags:
            - latest
            - speakeasy-sdk-regen-1734827333
targets:
    plexjava:
        source: plexapi
        sourceNamespace: plexapi
        sourceRevisionDigest: sha256:28e2213b78ff9c789846a4a0b7ab9fb219079a1699d44b22d28474efc4f48eac
        sourceBlobDigest: sha256:fa76c39de0ff801844dd56a76c26ab6ca88695fc9b42bb9ff9a8aab5b2b21277
        codeSamplesNamespace: code-samples-java-plexjava
        codeSamplesRevisionDigest: sha256:5d9e98b01bc7ffb80847b6cd4823d89399a92b16430129988934ddad4b937fb3
workflow:
    workflowVersion: 1.0.0
    speakeasyVersion: latest
    sources:
        plexapi:
            inputs:
                - location: registry.speakeasyapi.dev/plexapi/plexapi/plexapi:main
    targets:
        plexjava:
            target: java
            source: plexapi
            publish:
                java:
                    ossrhUsername: $ossrh_username
                    ossrhPassword: $ossrh_password
                    gpgSecretKey: $java_gpg_secret_key
                    gpgPassPhrase: $java_gpg_passphrase
            codeSamples:
                output: codeSamples.yaml
                registry:
                    location: registry.speakeasyapi.dev/plexapi/plexapi/code-samples-java-plexjava
