speakeasyVersion: 1.795.1
sources:
    my-source:
        sourceNamespace: my-source
        sourceRevisionDigest: sha256:893baf00932f1b8e49b2e60af272be6a9a62934af6eb3a2f96dd9f2302ef69c5
        sourceBlobDigest: sha256:f689cdc9c740f4e5120422720722d2d256d56ceb62bc13370713ec1661a433df
        tags:
            - latest
    plexapi:
        sourceNamespace: plexapi
        sourceRevisionDigest: sha256:2cd094723cf931f1cb060c8ee499949b0a62670fdc651bfc3dbdc2155244801f
        sourceBlobDigest: sha256:b61d710c70127884f77e4f805bece7477cb771431e12ba4909cdefc379c08edd
        tags:
            - latest
            - 1.1.1
targets:
    plexjava:
        source: plexapi
        sourceNamespace: plexapi
        sourceRevisionDigest: sha256:2cd094723cf931f1cb060c8ee499949b0a62670fdc651bfc3dbdc2155244801f
        sourceBlobDigest: sha256:b61d710c70127884f77e4f805bece7477cb771431e12ba4909cdefc379c08edd
        codeSamplesNamespace: code-samples-java-plexjava
        codeSamplesRevisionDigest: sha256:d38374f1b96046b8a00505f0808f984414e96c62570a9451612a03427ad11449
workflow:
    workflowVersion: 1.0.0
    speakeasyVersion: latest
    sources:
        plexapi:
            inputs:
                - location: https://raw.githubusercontent.com/LukeHagar/plex-api-spec/refs/heads/main/plex-api-spec.yaml
            registry:
                location: registry.speakeasyapi.dev/plexapi/plexapi/plexapi
    targets:
        plexjava:
            target: java
            source: plexapi
            publish:
                java:
                    ossrhUsername: $ossrh_username
                    ossrhPassword: $ossrh_password
                    gpgSecretKey: $java_gpg_secret_key
                    gpgPassPhrase: $java_gpg_passphrase
            codeSamples:
                output: codeSamples.yaml
                registry:
                    location: registry.speakeasyapi.dev/plexapi/plexapi/code-samples-java-plexjava
                labelOverride:
                    fixedValue: PlexJava
