speakeasyVersion: 1.615.2
sources:
    my-source:
        sourceNamespace: my-source
        sourceRevisionDigest: sha256:893baf00932f1b8e49b2e60af272be6a9a62934af6eb3a2f96dd9f2302ef69c5
        sourceBlobDigest: sha256:f689cdc9c740f4e5120422720722d2d256d56ceb62bc13370713ec1661a433df
        tags:
            - latest
    plexapi:
        sourceNamespace: plexapi
        sourceRevisionDigest: sha256:cf22329d27ce525192897261211c9f78613c0e758e6ee829c64d0a5061fea915
        sourceBlobDigest: sha256:0f943f8b1f2d69a33a9362df8e1b5c309b45c04b0389ce8a1f988b42b9cd9d90
        tags:
            - latest
            - speakeasy-sdk-regen-1766795564
            - 1.1.1
targets:
    plexjava:
        source: plexapi
        sourceNamespace: plexapi
        sourceRevisionDigest: sha256:cf22329d27ce525192897261211c9f78613c0e758e6ee829c64d0a5061fea915
        sourceBlobDigest: sha256:0f943f8b1f2d69a33a9362df8e1b5c309b45c04b0389ce8a1f988b42b9cd9d90
        codeSamplesNamespace: code-samples-java-plexjava
        codeSamplesRevisionDigest: sha256:03506abaac2d4c5b3746439d0ccac6ada0eb1be7298299856cd5551837d7079e
workflow:
    workflowVersion: 1.0.0
    speakeasyVersion: latest
    sources:
        plexapi:
            inputs:
                - location: https://raw.githubusercontent.com/LukeHagar/plex-api-spec/refs/heads/main/plex-api-spec.yaml
            registry:
                location: registry.speakeasyapi.dev/plexapi/plexapi/plexapi
    targets:
        plexjava:
            target: java
            source: plexapi
            publish:
                java:
                    ossrhUsername: $ossrh_username
                    ossrhPassword: $ossrh_password
                    gpgSecretKey: $java_gpg_secret_key
                    gpgPassPhrase: $java_gpg_passphrase
            codeSamples:
                output: codeSamples.yaml
                registry:
                    location: registry.speakeasyapi.dev/plexapi/plexapi/code-samples-java-plexjava
                labelOverride:
                    fixedValue: PlexJava
